
Microsoft Visual Studio Solution File, Format Version 12.00
# Visual Studio Version 17
VisualStudioVersion = 17.11.35327.3
MinimumVisualStudioVersion = 10.0.40219.1
Project("{FAE04EC0-301F-11D3-BF4B-00C04F79EFBC}") = "FitnessCenterManagementSystem", "FitnessCenterManagementSystem\FitnessCenterManagementSystem.csproj", "{36E13272-C66F-4492-B200-727C4F83F9CE}"
EndProject
Global
	GlobalSection(SolutionConfigurationPlatforms) = preSolution
		Debug|Any CPU = Debug|Any CPU
		Release|Any CPU = Release|Any CPU
	EndGlobalSection
	GlobalSection(ProjectConfigurationPlatforms) = postSolution
		{36E13272-C66F-4492-B200-727C4F83F9CE}.Debug|Any CPU.ActiveCfg = Debug|Any CPU
		{36E13272-C66F-4492-B200-727C4F83F9CE}.Debug|Any CPU.Build.0 = Debug|Any CPU
		{36E13272-C66F-4492-B200-727C4F83F9CE}.Release|Any CPU.ActiveCfg = Release|Any CPU
		{36E13272-C66F-4492-B200-727C4F83F9CE}.Release|Any CPU.Build.0 = Release|Any CPU
	EndGlobalSection
	GlobalSection(SolutionProperties) = preSolution
		HideSolutionNode = FALSE
	EndGlobalSection
	GlobalSection(ExtensibilityGlobals) = postSolution
		SolutionGuid = {7635B99B-7D68-43B4-95D1-A77F14866A57}
	EndGlobalSection
EndGlobal
